
Microsoft Visual Studio Solution File, Format Version 12.00
# Visual Studio Version 17
VisualStudioVersion = 17.1.32421.90
MinimumVisualStudioVersion = 10.0.40219.1
Project("{9A19103F-16F7-4668-BE54-9A1E7A4F7556}") = "Cypher", "Cypher\Cypher.csproj", "{29D4CAD0-7893-473B-86A4-B7952A333E43}"
EndProject
Project("{9A19103F-16F7-4668-BE54-9A1E7A4F7556}") = "FillWords", "FillWords\FillWords\FillWords.csproj", "{3D59EE7D-5C10-4BA9-9170-E15D2BC320C4}"
EndProject
Project("{9A19103F-16F7-4668-BE54-9A1E7A4F7556}") = "HangmanConsole", "HangmanConsole\HangmanConsole.csproj", "{8F0C88A3-7FBB-4E08-9A85-35431E7509C7}"
EndProject
Project("{9A19103F-16F7-4668-BE54-9A1E7A4F7556}") = "RelationsTask", "RelationsTask\RelationsTask.csproj", "{D63E3955-CDD5-4C16-A466-CBD54F146AC5}"
EndProject
Project("{2150E333-8FDC-42A3-9474-1A3956D46DE8}") = "Chess", "Chess", "{53E0A2D2-1003-4B8D-AD33-78A59AD47194}"
EndProject
Project("{9A19103F-16F7-4668-BE54-9A1E7A4F7556}") = "Chess-1-Simple", "Chess\Chess\Chess-1-Simple.csproj", "{35A774DA-C75D-44A0-8E65-B481D1251099}"
EndProject
Project("{9A19103F-16F7-4668-BE54-9A1E7A4F7556}") = "Chess-2-Delegates", "Chess\ChessWithDelegates\Chess-2-Delegates.csproj", "{D60AF1A2-1DCA-4CBE-BE78-B59EBD0F52C3}"
EndProject
Project("{9A19103F-16F7-4668-BE54-9A1E7A4F7556}") = "Chess-3-Classes", "Chess\ChessWithClasses\Chess-3-Classes.csproj", "{3C78C3DD-07EB-4DF7-87ED-F3FEDC8B7D68}"
EndProject
Project("{2150E333-8FDC-42A3-9474-1A3956D46DE8}") = "FunctionBuilder", "FunctionBuilder", "{98305D57-DEEA-435C-9C16-A98E1B827B79}"
EndProject
Project("{9A19103F-16F7-4668-BE54-9A1E7A4F7556}") = "FunctionBuilder.Console", "FunctionBuilder\FunctionBuilder.Console\FunctionBuilder.Console.csproj", "{A9542E77-903B-4281-9FC2-E7EEF7578E34}"
EndProject
Project("{9A19103F-16F7-4668-BE54-9A1E7A4F7556}") = "FunctionBuilder.Logic", "FunctionBuilder\FunctionBuilder.Logic\FunctionBuilder.Logic.csproj", "{6B40C3CD-336A-4386-91AF-648447F49775}"
EndProject
Project("{9A19103F-16F7-4668-BE54-9A1E7A4F7556}") = "FunctionBuilder.WPF", "FunctionBuilder\FunctionBuilder.WPF\FunctionBuilder.WPF.csproj", "{831697C2-906C-4A35-BDE1-D89B379D5456}"
EndProject
Project("{9A19103F-16F7-4668-BE54-9A1E7A4F7556}") = "FunctionBuilder.Tests", "FunctionBuilder\FunctionBuilder.Tests\FunctionBuilder.Tests.csproj", "{D33F1800-DE2E-4FD4-87C6-B3B909DA521E}"
EndProject
Project("{2150E333-8FDC-42A3-9474-1A3956D46DE8}") = "ExamTasks", "ExamTasks", "{0E8E945C-A04C-4E9A-887D-E475CFFC6430}"
EndProject
Project("{2150E333-8FDC-42A3-9474-1A3956D46DE8}") = "FillWords", "FillWords", "{2FE81D0E-4F1D-4C0C-9E43-C9284D281757}"
EndProject
Project("{9A19103F-16F7-4668-BE54-9A1E7A4F7556}") = "TempProject", "TempProject\TempProject.csproj", "{707FFD23-0B84-45B5-97A4-6BB97FD8E734}"
EndProject
Global
	GlobalSection(SolutionConfigurationPlatforms) = preSolution
		Debug|Any CPU = Debug|Any CPU
		Release|Any CPU = Release|Any CPU
	EndGlobalSection
	GlobalSection(ProjectConfigurationPlatforms) = postSolution
		{29D4CAD0-7893-473B-86A4-B7952A333E43}.Debug|Any CPU.ActiveCfg = Debug|Any CPU
		{29D4CAD0-7893-473B-86A4-B7952A333E43}.Debug|Any CPU.Build.0 = Debug|Any CPU
		{29D4CAD0-7893-473B-86A4-B7952A333E43}.Release|Any CPU.ActiveCfg = Release|Any CPU
		{29D4CAD0-7893-473B-86A4-B7952A333E43}.Release|Any CPU.Build.0 = Release|Any CPU
		{3D59EE7D-5C10-4BA9-9170-E15D2BC320C4}.Debug|Any CPU.ActiveCfg = Debug|Any CPU
		{3D59EE7D-5C10-4BA9-9170-E15D2BC320C4}.Debug|Any CPU.Build.0 = Debug|Any CPU
		{3D59EE7D-5C10-4BA9-9170-E15D2BC320C4}.Release|Any CPU.ActiveCfg = Release|Any CPU
		{3D59EE7D-5C10-4BA9-9170-E15D2BC320C4}.Release|Any CPU.Build.0 = Release|Any CPU
		{8F0C88A3-7FBB-4E08-9A85-35431E7509C7}.Debug|Any CPU.ActiveCfg = Debug|Any CPU
		{8F0C88A3-7FBB-4E08-9A85-35431E7509C7}.Debug|Any CPU.Build.0 = Debug|Any CPU
		{8F0C88A3-7FBB-4E08-9A85-35431E7509C7}.Release|Any CPU.ActiveCfg = Release|Any CPU
		{8F0C88A3-7FBB-4E08-9A85-35431E7509C7}.Release|Any CPU.Build.0 = Release|Any CPU
		{D63E3955-CDD5-4C16-A466-CBD54F146AC5}.Debug|Any CPU.ActiveCfg = Debug|Any CPU
		{D63E3955-CDD5-4C16-A466-CBD54F146AC5}.Debug|Any CPU.Build.0 = Debug|Any CPU
		{D63E3955-CDD5-4C16-A466-CBD54F146AC5}.Release|Any CPU.ActiveCfg = Release|Any CPU
		{D63E3955-CDD5-4C16-A466-CBD54F146AC5}.Release|Any CPU.Build.0 = Release|Any CPU
		{35A774DA-C75D-44A0-8E65-B481D1251099}.Debug|Any CPU.ActiveCfg = Debug|Any CPU
		{35A774DA-C75D-44A0-8E65-B481D1251099}.Debug|Any CPU.Build.0 = Debug|Any CPU
		{35A774DA-C75D-44A0-8E65-B481D1251099}.Release|Any CPU.ActiveCfg = Release|Any CPU
		{35A774DA-C75D-44A0-8E65-B481D1251099}.Release|Any CPU.Build.0 = Release|Any CPU
		{D60AF1A2-1DCA-4CBE-BE78-B59EBD0F52C3}.Debug|Any CPU.ActiveCfg = Debug|Any CPU
		{D60AF1A2-1DCA-4CBE-BE78-B59EBD0F52C3}.Debug|Any CPU.Build.0 = Debug|Any CPU
		{D60AF1A2-1DCA-4CBE-BE78-B59EBD0F52C3}.Release|Any CPU.ActiveCfg = Release|Any CPU
		{D60AF1A2-1DCA-4CBE-BE78-B59EBD0F52C3}.Release|Any CPU.Build.0 = Release|Any CPU
		{3C78C3DD-07EB-4DF7-87ED-F3FEDC8B7D68}.Debug|Any CPU.ActiveCfg = Debug|Any CPU
		{3C78C3DD-07EB-4DF7-87ED-F3FEDC8B7D68}.Debug|Any CPU.Build.0 = Debug|Any CPU
		{3C78C3DD-07EB-4DF7-87ED-F3FEDC8B7D68}.Release|Any CPU.ActiveCfg = Release|Any CPU
		{3C78C3DD-07EB-4DF7-87ED-F3FEDC8B7D68}.Release|Any CPU.Build.0 = Release|Any CPU
		{A9542E77-903B-4281-9FC2-E7EEF7578E34}.Debug|Any CPU.ActiveCfg = Debug|Any CPU
		{A9542E77-903B-4281-9FC2-E7EEF7578E34}.Debug|Any CPU.Build.0 = Debug|Any CPU
		{A9542E77-903B-4281-9FC2-E7EEF7578E34}.Release|Any CPU.ActiveCfg = Release|Any CPU
		{A9542E77-903B-4281-9FC2-E7EEF7578E34}.Release|Any CPU.Build.0 = Release|Any CPU
		{6B40C3CD-336A-4386-91AF-648447F49775}.Debug|Any CPU.ActiveCfg = Debug|Any CPU
		{6B40C3CD-336A-4386-91AF-648447F49775}.Debug|Any CPU.Build.0 = Debug|Any CPU
		{6B40C3CD-336A-4386-91AF-648447F49775}.Release|Any CPU.ActiveCfg = Release|Any CPU
		{6B40C3CD-336A-4386-91AF-648447F49775}.Release|Any CPU.Build.0 = Release|Any CPU
		{831697C2-906C-4A35-BDE1-D89B379D5456}.Debug|Any CPU.ActiveCfg = Debug|Any CPU
		{831697C2-906C-4A35-BDE1-D89B379D5456}.Debug|Any CPU.Build.0 = Debug|Any CPU
		{831697C2-906C-4A35-BDE1-D89B379D5456}.Release|Any CPU.ActiveCfg = Release|Any CPU
		{831697C2-906C-4A35-BDE1-D89B379D5456}.Release|Any CPU.Build.0 = Release|Any CPU
		{D33F1800-DE2E-4FD4-87C6-B3B909DA521E}.Debug|Any CPU.ActiveCfg = Debug|Any CPU
		{D33F1800-DE2E-4FD4-87C6-B3B909DA521E}.Debug|Any CPU.Build.0 = Debug|Any CPU
		{D33F1800-DE2E-4FD4-87C6-B3B909DA521E}.Release|Any CPU.ActiveCfg = Release|Any CPU
		{D33F1800-DE2E-4FD4-87C6-B3B909DA521E}.Release|Any CPU.Build.0 = Release|Any CPU
		{707FFD23-0B84-45B5-97A4-6BB97FD8E734}.Debug|Any CPU.ActiveCfg = Debug|Any CPU
		{707FFD23-0B84-45B5-97A4-6BB97FD8E734}.Debug|Any CPU.Build.0 = Debug|Any CPU
		{707FFD23-0B84-45B5-97A4-6BB97FD8E734}.Release|Any CPU.ActiveCfg = Release|Any CPU
		{707FFD23-0B84-45B5-97A4-6BB97FD8E734}.Release|Any CPU.Build.0 = Release|Any CPU
	EndGlobalSection
	GlobalSection(SolutionProperties) = preSolution
		HideSolutionNode = FALSE
	EndGlobalSection
	GlobalSection(NestedProjects) = preSolution
		{29D4CAD0-7893-473B-86A4-B7952A333E43} = {0E8E945C-A04C-4E9A-887D-E475CFFC6430}
		{3D59EE7D-5C10-4BA9-9170-E15D2BC320C4} = {2FE81D0E-4F1D-4C0C-9E43-C9284D281757}
		{8F0C88A3-7FBB-4E08-9A85-35431E7509C7} = {0E8E945C-A04C-4E9A-887D-E475CFFC6430}
		{D63E3955-CDD5-4C16-A466-CBD54F146AC5} = {0E8E945C-A04C-4E9A-887D-E475CFFC6430}
		{35A774DA-C75D-44A0-8E65-B481D1251099} = {53E0A2D2-1003-4B8D-AD33-78A59AD47194}
		{D60AF1A2-1DCA-4CBE-BE78-B59EBD0F52C3} = {53E0A2D2-1003-4B8D-AD33-78A59AD47194}
		{3C78C3DD-07EB-4DF7-87ED-F3FEDC8B7D68} = {53E0A2D2-1003-4B8D-AD33-78A59AD47194}
		{A9542E77-903B-4281-9FC2-E7EEF7578E34} = {98305D57-DEEA-435C-9C16-A98E1B827B79}
		{6B40C3CD-336A-4386-91AF-648447F49775} = {98305D57-DEEA-435C-9C16-A98E1B827B79}
		{831697C2-906C-4A35-BDE1-D89B379D5456} = {98305D57-DEEA-435C-9C16-A98E1B827B79}
		{D33F1800-DE2E-4FD4-87C6-B3B909DA521E} = {98305D57-DEEA-435C-9C16-A98E1B827B79}
	EndGlobalSection
	GlobalSection(ExtensibilityGlobals) = postSolution
		SolutionGuid = {BCA9E177-3170-48B4-9805-43BC4E3C4D45}
	EndGlobalSection
EndGlobal
